{
    "_readme": [
        "This file locks the dependencies of your project to a known state",
        "Read more about it at https://getcomposer.org/doc/01-basic-usage.md#installing-dependencies",
        "This file is @generated automatically"
    ],
    "content-hash": "7a666306b7169cb9dba91652ff0dee6e",
    "packages": [
        {
            "name": "composer/installers",
            "version": "v1.12.0",
            "source": {
                "type": "git",
                "url": "https://github.com/composer/installers.git",
                "reference": "d20a64ed3c94748397ff5973488761b22f6d3f19"
            },
            "dist": {
                "type": "zip",
                "url": "https://api.github.com/repos/composer/installers/zipball/d20a64ed3c94748397ff5973488761b22f6d3f19",
                "reference": "d20a64ed3c94748397ff5973488761b22f6d3f19",
                "shasum": ""
            },
            "require": {
                "composer-plugin-api": "^1.0 || ^2.0"
            },
            "replace": {
                "roundcube/plugin-installer": "*",
                "shama/baton": "*"
            },
            "require-dev": {
                "composer/composer": "1.6.* || ^2.0",
                "composer/semver": "^1 || ^3",
                "phpstan/phpstan": "^0.12.55",
                "phpstan/phpstan-phpunit": "^0.12.16",
                "symfony/phpunit-bridge": "^4.2 || ^5",
                "symfony/process": "^2.3"
            },
            "type": "composer-plugin",
            "extra": {
                "class": "Composer\\Installers\\Plugin",
                "branch-alias": {
                    "dev-main": "1.x-dev"
                }
            },
            "autoload": {
                "psr-4": {
                    "Composer\\Installers\\": "src/Composer/Installers"
                }
            },
            "notification-url": "https://packagist.org/downloads/",
            "license": [
                "MIT"
            ],
            "authors": [
                {
                    "name": "Kyle Robinson Young",
                    "email": "kyle@dontkry.com",
                    "homepage": "https://github.com/shama"
                }
            ],
            "description": "A multi-framework Composer library installer",
            "homepage": "https://composer.github.io/installers/",
            "keywords": [
                "Craft",
                "Dolibarr",
                "Eliasis",
                "Hurad",
                "ImageCMS",
                "Kanboard",
                "Lan Management System",
                "MODX Evo",
                "MantisBT",
                "Mautic",
                "Maya",
                "OXID",
                "Plentymarkets",
                "Porto",
                "RadPHP",
                "SMF",
                "Starbug",
                "Thelia",
                "Whmcs",
                "WolfCMS",
                "agl",
                "aimeos",
                "annotatecms",
                "attogram",
                "bitrix",
                "cakephp",
                "chef",
                "cockpit",
                "codeigniter",
                "concrete5",
                "croogo",
                "dokuwiki",
                "drupal",
                "eZ Platform",
                "elgg",
                "expressionengine",
                "fuelphp",
                "grav",
                "installer",
                "itop",
                "joomla",
                "known",
                "kohana",
                "laravel",
                "lavalite",
                "lithium",
                "magento",
                "majima",
                "mako",
                "mediawiki",
                "miaoxing",
                "modulework",
                "modx",
                "moodle",
                "osclass",
                "pantheon",
                "phpbb",
                "piwik",
                "ppi",
                "processwire",
                "puppet",
                "pxcms",
                "reindex",
                "roundcube",
                "shopware",
                "silverstripe",
                "sydes",
                "sylius",
                "symfony",
                "tastyigniter",
                "typo3",
                "wordpress",
                "yawik",
                "zend",
                "zikula"
            ],
            "support": {
                "issues": "https://github.com/composer/installers/issues",
                "source": "https://github.com/composer/installers/tree/v1.12.0"
            },
            "funding": [
                {
                    "url": "https://packagist.com",
                    "type": "custom"
                },
                {
                    "url": "https://github.com/composer",
                    "type": "github"
                },
                {
                    "url": "https://tidelift.com/funding/github/packagist/composer/composer",
                    "type": "tidelift"
                }
            ],
            "time": "2021-09-13T08:19:44+00:00"
        },
        {
            "name": "roots/soil",
            "version": "4.1.1",
            "source": {
                "type": "git",
                "url": "https://github.com/roots/soil.git",
                "reference": "e8e15c29f01414f86610445be8f7274b8b9a73b8"
            },
            "dist": {
                "type": "zip",
                "url": "https://api.github.com/repos/roots/soil/zipball/e8e15c29f01414f86610445be8f7274b8b9a73b8",
                "reference": "e8e15c29f01414f86610445be8f7274b8b9a73b8",
                "shasum": ""
            },
            "require": {
                "php": ">=5.6.0"
            },
            "require-dev": {
                "brain/monkey": "^2.5",
                "dealerdirect/phpcodesniffer-composer-installer": "^0.7.0",
                "mockery/mockery": "^1.3 | ^1.4",
                "phpcompatibility/php-compatibility": "^9.3",
                "phpunit/phpunit": "<= 9.3",
                "squizlabs/php_codesniffer": "^3.5",
                "wp-coding-standards/wpcs": "^2.3"
            },
            "type": "wordpress-plugin",
            "autoload": {
                "files": [
                    "src/helpers.php"
                ],
                "psr-4": {
                    "Roots\\Soil\\": "src/"
                }
            },
            "notification-url": "https://packagist.org/downloads/",
            "license": [
                "MIT"
            ],
            "authors": [
                {
                    "name": "Ben Word",
                    "email": "ben@benword.com",
                    "homepage": "https://github.com/retlehs"
                },
                {
                    "name": "Scott Walkinshaw",
                    "email": "scott.walkinshaw@gmail.com",
                    "homepage": "https://github.com/swalkinshaw"
                },
                {
                    "name": "QWp6t",
                    "email": "craig@roots.io",
                    "homepage": "https://github.com/qwp6t"
                }
            ],
            "description": "A WordPress plugin which contains a collection of modules to apply theme-agnostic front-end modifications",
            "homepage": "https://roots.io/plugins/soil/",
            "keywords": [
                "wordpress"
            ],
            "support": {
                "forum": "https://discourse.roots.io/",
                "issues": "https://github.com/roots/soil/issues",
                "source": "https://github.com/roots/soil/tree/4.1.1"
            },
            "funding": [
                {
                    "url": "https://roots.io/plugins/soil/",
                    "type": "custom"
                },
                {
                    "url": "https://www.patreon.com/rootsdev",
                    "type": "patreon"
                }
            ],
            "time": "2022-08-01T17:32:31+00:00"
        },
        {
            "name": "sincspecv/WP-ACF-To-Post",
            "version": "v0.2.0",
            "source": {
                "type": "git",
                "url": "https://github.com/sincspecv/WP-ACF-To-Post.git",
                "reference": "f2ec8e10ebade277f6d362f392c62c864bdd4541"
            },
            "dist": {
                "type": "zip",
                "url": "https://api.github.com/repos/sincspecv/WP-ACF-To-Post/zipball/f2ec8e10ebade277f6d362f392c62c864bdd4541",
                "reference": "f2ec8e10ebade277f6d362f392c62c864bdd4541",
                "shasum": ""
            },
            "require": {
                "composer/installers": "^1.9",
                "php": "^8.1"
            },
            "type": "wordpress-plugin",
            "support": {
                "source": "https://github.com/sincspecv/WP-ACF-To-Post/tree/v0.2.0",
                "issues": "https://github.com/sincspecv/WP-ACF-To-Post/issues"
            },
            "time": "2023-07-13T22:13:21+00:00"
        },
        {
            "name": "tfr/gravityforms",
            "version": "v2.7.10",
            "source": {
                "type": "git",
                "url": "git@github.com:sincspecv/gravityforms.git",
                "reference": "ec07652e1116505de36b14223489f52a9f2938dd"
            },
            "dist": {
                "type": "zip",
                "url": "https://api.github.com/repos/sincspecv/gravityforms/zipball/ec07652e1116505de36b14223489f52a9f2938dd",
                "reference": "ec07652e1116505de36b14223489f52a9f2938dd",
                "shasum": ""
            },
            "require": {
                "composer/installers": "^1.9."
            },
            "type": "wordpress-plugin",
            "support": {
                "source": "https://github.com/sincspecv/gravityforms/tree/v2.7.10",
                "issues": "https://github.com/sincspecv/gravityforms/issues"
            },
            "time": "2023-07-13T22:26:10+00:00"
        },
        {
            "name": "wpackagist-plugin/seo-by-rank-math",
            "version": "1.0.119",
            "source": {
                "type": "svn",
                "url": "https://plugins.svn.wordpress.org/seo-by-rank-math/",
                "reference": "tags/1.0.119"
            },
            "dist": {
                "type": "zip",
                "url": "https://downloads.wordpress.org/plugin/seo-by-rank-math.1.0.119.zip"
            },
            "require": {
                "composer/installers": "^1.0 || ^2.0"
            },
            "type": "wordpress-plugin",
            "homepage": "https://wordpress.org/plugins/seo-by-rank-math/"
        },
        {
            "name": "wpengine/advanced-custom-fields-pro",
            "version": "6.1.7",
            "dist": {
                "type": "zip",
                "url": "https://connect.advancedcustomfields.com/v2/plugins/composer_download?p=pro&t=6.1.7"
            },
            "require": {
                "composer/installers": "~1.0 || ~2.0"
            },
            "replace": {
                "wpackagist-plugin/advanced-custom-fields": "self.version"
            },
            "type": "wordpress-plugin"
        }
    ],
    "packages-dev": [],
    "aliases": [],
    "minimum-stability": "stable",
    "stability-flags": [],
    "prefer-stable": false,
    "prefer-lowest": false,
    "platform": {
        "php": "^8.1"
    },
    "platform-dev": [],
    "plugin-api-version": "2.3.0"
}
